
Microsoft Visual Studio Solution File, Format Version 12.00
# Visual Studio Version 16
VisualStudioVersion = 16.0.29009.5
MinimumVisualStudioVersion = 10.0.40219.1
Project("{FAE04EC0-301F-11D3-BF4B-00C04F79EFBC}") = "SSHClientTurnel", "SSHClientTurnel\SSHClientTurnel.csproj", "{2818D619-3549-436E-A65F-082C7105D997}"
EndProject
Project("{FAE04EC0-301F-11D3-BF4B-00C04F79EFBC}") = "ServerProxy", "ServerProxy\ServerProxy.csproj", "{7FFB9C8B-558B-450E-8421-079506AC0913}"
EndProject
Global
	GlobalSection(SolutionConfigurationPlatforms) = preSolution
		Debug|Any CPU = Debug|Any CPU
		Release|Any CPU = Release|Any CPU
	EndGlobalSection
	GlobalSection(ProjectConfigurationPlatforms) = postSolution
		{2818D619-3549-436E-A65F-082C7105D997}.Debug|Any CPU.ActiveCfg = Debug|Any CPU
		{2818D619-3549-436E-A65F-082C7105D997}.Debug|Any CPU.Build.0 = Debug|Any CPU
		{2818D619-3549-436E-A65F-082C7105D997}.Release|Any CPU.ActiveCfg = Release|Any CPU
		{2818D619-3549-436E-A65F-082C7105D997}.Release|Any CPU.Build.0 = Release|Any CPU
		{7FFB9C8B-558B-450E-8421-079506AC0913}.Debug|Any CPU.ActiveCfg = Debug|Any CPU
		{7FFB9C8B-558B-450E-8421-079506AC0913}.Debug|Any CPU.Build.0 = Debug|Any CPU
		{7FFB9C8B-558B-450E-8421-079506AC0913}.Release|Any CPU.ActiveCfg = Release|Any CPU
		{7FFB9C8B-558B-450E-8421-079506AC0913}.Release|Any CPU.Build.0 = Release|Any CPU
	EndGlobalSection
	GlobalSection(SolutionProperties) = preSolution
		HideSolutionNode = FALSE
	EndGlobalSection
	GlobalSection(ExtensibilityGlobals) = postSolution
		SolutionGuid = {CF2AA981-E396-422A-8FDC-498DA15548ED}
	EndGlobalSection
EndGlobal
